
Microsoft Visual Studio Solution File, Format Version 12.00
# Visual Studio Version 17
VisualStudioVersion = 17.10.34928.147
MinimumVisualStudioVersion = 10.0.40219.1
Project("{FAE04EC0-301F-11D3-BF4B-00C04F79EFBC}") = "Exercicio 01", "Exercicio 01\Exercicio 01.csproj", "{D0ED3842-DC50-4D62-B86A-DB3CD2E2A682}"
EndProject
Global
	GlobalSection(SolutionConfigurationPlatforms) = preSolution
		Debug|Any CPU = Debug|Any CPU
		Release|Any CPU = Release|Any CPU
	EndGlobalSection
	GlobalSection(ProjectConfigurationPlatforms) = postSolution
		{D0ED3842-DC50-4D62-B86A-DB3CD2E2A682}.Debug|Any CPU.ActiveCfg = Debug|Any CPU
		{D0ED3842-DC50-4D62-B86A-DB3CD2E2A682}.Debug|Any CPU.Build.0 = Debug|Any CPU
		{D0ED3842-DC50-4D62-B86A-DB3CD2E2A682}.Release|Any CPU.ActiveCfg = Release|Any CPU
		{D0ED3842-DC50-4D62-B86A-DB3CD2E2A682}.Release|Any CPU.Build.0 = Release|Any CPU
	EndGlobalSection
	GlobalSection(SolutionProperties) = preSolution
		HideSolutionNode = FALSE
	EndGlobalSection
	GlobalSection(ExtensibilityGlobals) = postSolution
		SolutionGuid = {AA934D62-0AE5-473D-86C8-E2913A322D97}
	EndGlobalSection
EndGlobal
