
Microsoft Visual Studio Solution File, Format Version 12.00
# Visual Studio Version 17
VisualStudioVersion = 17.10.34928.147
MinimumVisualStudioVersion = 10.0.40219.1
Project("{FAE04EC0-301F-11D3-BF4B-00C04F79EFBC}") = "Exercicio 06", "Exercicio 06\Exercicio 06.csproj", "{38228132-88B6-4519-95A6-96CFEA40A3E7}"
EndProject
Global
	GlobalSection(SolutionConfigurationPlatforms) = preSolution
		Debug|Any CPU = Debug|Any CPU
		Release|Any CPU = Release|Any CPU
	EndGlobalSection
	GlobalSection(ProjectConfigurationPlatforms) = postSolution
		{38228132-88B6-4519-95A6-96CFEA40A3E7}.Debug|Any CPU.ActiveCfg = Debug|Any CPU
		{38228132-88B6-4519-95A6-96CFEA40A3E7}.Debug|Any CPU.Build.0 = Debug|Any CPU
		{38228132-88B6-4519-95A6-96CFEA40A3E7}.Release|Any CPU.ActiveCfg = Release|Any CPU
		{38228132-88B6-4519-95A6-96CFEA40A3E7}.Release|Any CPU.Build.0 = Release|Any CPU
	EndGlobalSection
	GlobalSection(SolutionProperties) = preSolution
		HideSolutionNode = FALSE
	EndGlobalSection
	GlobalSection(ExtensibilityGlobals) = postSolution
		SolutionGuid = {CDD9ADE7-4488-420D-BEA5-9CC9FD07CBEA}
	EndGlobalSection
EndGlobal
