
Microsoft Visual Studio Solution File, Format Version 12.00
# Visual Studio Version 17
VisualStudioVersion = 17.10.34928.147
MinimumVisualStudioVersion = 10.0.40219.1
Project("{FAE04EC0-301F-11D3-BF4B-00C04F79EFBC}") = "Conta Bancaria", "Conta Bancaria\Conta Bancaria.csproj", "{CDFE0354-2606-4548-A500-6ECD99D39082}"
EndProject
Global
	GlobalSection(SolutionConfigurationPlatforms) = preSolution
		Debug|Any CPU = Debug|Any CPU
		Release|Any CPU = Release|Any CPU
	EndGlobalSection
	GlobalSection(ProjectConfigurationPlatforms) = postSolution
		{CDFE0354-2606-4548-A500-6ECD99D39082}.Debug|Any CPU.ActiveCfg = Debug|Any CPU
		{CDFE0354-2606-4548-A500-6ECD99D39082}.Debug|Any CPU.Build.0 = Debug|Any CPU
		{CDFE0354-2606-4548-A500-6ECD99D39082}.Release|Any CPU.ActiveCfg = Release|Any CPU
		{CDFE0354-2606-4548-A500-6ECD99D39082}.Release|Any CPU.Build.0 = Release|Any CPU
	EndGlobalSection
	GlobalSection(SolutionProperties) = preSolution
		HideSolutionNode = FALSE
	EndGlobalSection
	GlobalSection(ExtensibilityGlobals) = postSolution
		SolutionGuid = {4B9FCFA1-DAB8-48D9-A23A-E3053A956352}
	EndGlobalSection
EndGlobal
