
Microsoft Visual Studio Solution File, Format Version 12.00
# Visual Studio Version 17
VisualStudioVersion = 17.10.34928.147
MinimumVisualStudioVersion = 10.0.40219.1
Project("{FAE04EC0-301F-11D3-BF4B-00C04F79EFBC}") = "Exercicio 03", "Exercicio 03\Exercicio 03.csproj", "{0A2E605D-A4EC-4C2D-AC80-011034D7E954}"
EndProject
Global
	GlobalSection(SolutionConfigurationPlatforms) = preSolution
		Debug|Any CPU = Debug|Any CPU
		Release|Any CPU = Release|Any CPU
	EndGlobalSection
	GlobalSection(ProjectConfigurationPlatforms) = postSolution
		{0A2E605D-A4EC-4C2D-AC80-011034D7E954}.Debug|Any CPU.ActiveCfg = Debug|Any CPU
		{0A2E605D-A4EC-4C2D-AC80-011034D7E954}.Debug|Any CPU.Build.0 = Debug|Any CPU
		{0A2E605D-A4EC-4C2D-AC80-011034D7E954}.Release|Any CPU.ActiveCfg = Release|Any CPU
		{0A2E605D-A4EC-4C2D-AC80-011034D7E954}.Release|Any CPU.Build.0 = Release|Any CPU
	EndGlobalSection
	GlobalSection(SolutionProperties) = preSolution
		HideSolutionNode = FALSE
	EndGlobalSection
	GlobalSection(ExtensibilityGlobals) = postSolution
		SolutionGuid = {81F1AC06-4C30-41DE-BB84-86DF5A6E3C00}
	EndGlobalSection
EndGlobal
