
Microsoft Visual Studio Solution File, Format Version 12.00
# Visual Studio Version 17
VisualStudioVersion = 17.10.34928.147
MinimumVisualStudioVersion = 10.0.40219.1
Project("{FAE04EC0-301F-11D3-BF4B-00C04F79EFBC}") = "01 - Vetores", "01 - Vetores\01 - Vetores.csproj", "{C896AAE6-7FA3-47F5-A12B-EA2C873E1949}"
EndProject
Global
	GlobalSection(SolutionConfigurationPlatforms) = preSolution
		Debug|Any CPU = Debug|Any CPU
		Release|Any CPU = Release|Any CPU
	EndGlobalSection
	GlobalSection(ProjectConfigurationPlatforms) = postSolution
		{C896AAE6-7FA3-47F5-A12B-EA2C873E1949}.Debug|Any CPU.ActiveCfg = Debug|Any CPU
		{C896AAE6-7FA3-47F5-A12B-EA2C873E1949}.Debug|Any CPU.Build.0 = Debug|Any CPU
		{C896AAE6-7FA3-47F5-A12B-EA2C873E1949}.Release|Any CPU.ActiveCfg = Release|Any CPU
		{C896AAE6-7FA3-47F5-A12B-EA2C873E1949}.Release|Any CPU.Build.0 = Release|Any CPU
	EndGlobalSection
	GlobalSection(SolutionProperties) = preSolution
		HideSolutionNode = FALSE
	EndGlobalSection
	GlobalSection(ExtensibilityGlobals) = postSolution
		SolutionGuid = {4134C59F-E47F-4293-8432-45D167B2B0AA}
	EndGlobalSection
EndGlobal
