
Microsoft Visual Studio Solution File, Format Version 12.00
# Visual Studio Version 17
VisualStudioVersion = 17.10.34928.147
MinimumVisualStudioVersion = 10.0.40219.1
Project("{FAE04EC0-301F-11D3-BF4B-00C04F79EFBC}") = "Exercicio 06", "Exercicio 06\Exercicio 06.csproj", "{51E9E3A5-E05F-4E4D-A75B-B493BF627405}"
EndProject
Global
	GlobalSection(SolutionConfigurationPlatforms) = preSolution
		Debug|Any CPU = Debug|Any CPU
		Release|Any CPU = Release|Any CPU
	EndGlobalSection
	GlobalSection(ProjectConfigurationPlatforms) = postSolution
		{51E9E3A5-E05F-4E4D-A75B-B493BF627405}.Debug|Any CPU.ActiveCfg = Debug|Any CPU
		{51E9E3A5-E05F-4E4D-A75B-B493BF627405}.Debug|Any CPU.Build.0 = Debug|Any CPU
		{51E9E3A5-E05F-4E4D-A75B-B493BF627405}.Release|Any CPU.ActiveCfg = Release|Any CPU
		{51E9E3A5-E05F-4E4D-A75B-B493BF627405}.Release|Any CPU.Build.0 = Release|Any CPU
	EndGlobalSection
	GlobalSection(SolutionProperties) = preSolution
		HideSolutionNode = FALSE
	EndGlobalSection
	GlobalSection(ExtensibilityGlobals) = postSolution
		SolutionGuid = {CB99B787-13F1-4DE8-BCB0-13C580B07A9E}
	EndGlobalSection
EndGlobal
