
Microsoft Visual Studio Solution File, Format Version 12.00
# Visual Studio Version 17
VisualStudioVersion = 17.10.34928.147
MinimumVisualStudioVersion = 10.0.40219.1
Project("{FAE04EC0-301F-11D3-BF4B-00C04F79EFBC}") = "Exercicio 02", "Exercicio 02\Exercicio 02.csproj", "{EB8F103D-6679-4FD8-B867-3B0B084C0147}"
EndProject
Global
	GlobalSection(SolutionConfigurationPlatforms) = preSolution
		Debug|Any CPU = Debug|Any CPU
		Release|Any CPU = Release|Any CPU
	EndGlobalSection
	GlobalSection(ProjectConfigurationPlatforms) = postSolution
		{EB8F103D-6679-4FD8-B867-3B0B084C0147}.Debug|Any CPU.ActiveCfg = Debug|Any CPU
		{EB8F103D-6679-4FD8-B867-3B0B084C0147}.Debug|Any CPU.Build.0 = Debug|Any CPU
		{EB8F103D-6679-4FD8-B867-3B0B084C0147}.Release|Any CPU.ActiveCfg = Release|Any CPU
		{EB8F103D-6679-4FD8-B867-3B0B084C0147}.Release|Any CPU.Build.0 = Release|Any CPU
	EndGlobalSection
	GlobalSection(SolutionProperties) = preSolution
		HideSolutionNode = FALSE
	EndGlobalSection
	GlobalSection(ExtensibilityGlobals) = postSolution
		SolutionGuid = {F7A4F5C4-FFA3-4A9A-8D40-076BE633D0D3}
	EndGlobalSection
EndGlobal
