
Microsoft Visual Studio Solution File, Format Version 12.00
# Visual Studio Version 17
VisualStudioVersion = 17.10.34928.147
MinimumVisualStudioVersion = 10.0.40219.1
Project("{FAE04EC0-301F-11D3-BF4B-00C04F79EFBC}") = "Exercicio 03", "Exercicio 03\Exercicio 03.csproj", "{950AAA52-E2E0-4FFF-BA83-A4561C0C468F}"
EndProject
Global
	GlobalSection(SolutionConfigurationPlatforms) = preSolution
		Debug|Any CPU = Debug|Any CPU
		Release|Any CPU = Release|Any CPU
	EndGlobalSection
	GlobalSection(ProjectConfigurationPlatforms) = postSolution
		{950AAA52-E2E0-4FFF-BA83-A4561C0C468F}.Debug|Any CPU.ActiveCfg = Debug|Any CPU
		{950AAA52-E2E0-4FFF-BA83-A4561C0C468F}.Debug|Any CPU.Build.0 = Debug|Any CPU
		{950AAA52-E2E0-4FFF-BA83-A4561C0C468F}.Release|Any CPU.ActiveCfg = Release|Any CPU
		{950AAA52-E2E0-4FFF-BA83-A4561C0C468F}.Release|Any CPU.Build.0 = Release|Any CPU
	EndGlobalSection
	GlobalSection(SolutionProperties) = preSolution
		HideSolutionNode = FALSE
	EndGlobalSection
	GlobalSection(ExtensibilityGlobals) = postSolution
		SolutionGuid = {375747F3-B5AF-4939-A186-0025034E6B88}
	EndGlobalSection
EndGlobal
